
Microsoft Visual Studio Solution File, Format Version 12.00
# Visual Studio Version 17
VisualStudioVersion = 17.2.32602.215
MinimumVisualStudioVersion = 10.0.40219.1
Project("{8BC9CEB8-8B4A-11D0-8D11-00A0C91BC942}") = "Практическоезадание", "Практическоезадание\Практическоезадание.vcxproj", "{502356D4-90AB-4810-AC32-A758EBDCB0FC}"
EndProject
Global
	GlobalSection(SolutionConfigurationPlatforms) = preSolution
		Debug|x64 = Debug|x64
		Debug|x86 = Debug|x86
		Release|x64 = Release|x64
		Release|x86 = Release|x86
	EndGlobalSection
	GlobalSection(ProjectConfigurationPlatforms) = postSolution
		{502356D4-90AB-4810-AC32-A758EBDCB0FC}.Debug|x64.ActiveCfg = Debug|x64
		{502356D4-90AB-4810-AC32-A758EBDCB0FC}.Debug|x64.Build.0 = Debug|x64
		{502356D4-90AB-4810-AC32-A758EBDCB0FC}.Debug|x86.ActiveCfg = Debug|Win32
		{502356D4-90AB-4810-AC32-A758EBDCB0FC}.Debug|x86.Build.0 = Debug|Win32
		{502356D4-90AB-4810-AC32-A758EBDCB0FC}.Release|x64.ActiveCfg = Release|x64
		{502356D4-90AB-4810-AC32-A758EBDCB0FC}.Release|x64.Build.0 = Release|x64
		{502356D4-90AB-4810-AC32-A758EBDCB0FC}.Release|x86.ActiveCfg = Release|Win32
		{502356D4-90AB-4810-AC32-A758EBDCB0FC}.Release|x86.Build.0 = Release|Win32
	EndGlobalSection
	GlobalSection(SolutionProperties) = preSolution
		HideSolutionNode = FALSE
	EndGlobalSection
	GlobalSection(ExtensibilityGlobals) = postSolution
		SolutionGuid = {E5F66993-6552-447E-BDA0-4C2F1DA32053}
	EndGlobalSection
EndGlobal
